schema: opendock.lock/v1
docks:
  - id: opendock/backend-ultrawork
    name: opendock/backend-ultrawork
    requested: 1.2.6
    version: 1.2.6
    checksum: b1de815027502a9869d24a87fcbe372ebd33f2fee1308781e0c1d9ea2fcc996d
    signature: v7mZDZyMM2ptP3AfN1jyjZ4mIaIbAAx5AJfyMM0620F5FbDYuYBc1Hl2q9wSrxAxXhMMed2abHhrPTTE7CYLAw==
    platform: macos
    workdir: .opendock/workdirs/opendock__backend-ultrawork__70dcca06ddf2
    files:
      - path: AGENTS.md
        mode: managed_block
        checksum: 2ad680a5d01858b8906881cbca8c645691a4bc51bb136ecb7a6eabd28816c22e
        markerId: files:AGENTS.md
        source: files
      - path: CLAUDE.md
        mode: managed_block
        checksum: 2ad680a5d01858b8906881cbca8c645691a4bc51bb136ecb7a6eabd28816c22e
        markerId: files:CLAUDE.md
        source: files
      - path: GEMINI.md
        mode: managed_block
        checksum: 2ad680a5d01858b8906881cbca8c645691a4bc51bb136ecb7a6eabd28816c22e
        markerId: files:GEMINI.md
        source: files
      - path: README.md
        mode: managed_block
        checksum: 59aacaac5489451dee2a7a049a2bb4bb4a4aac9e14cd733d61aa04f81f648548
        markerId: files:README.md
        source: files
      - path: HARNESS.md
        mode: managed_block
        checksum: e5cf8f181c026a8585ca9dbaa7b15e8c4e990494a496e426421e935bdda11754
        markerId: files:HARNESS.md
        source: files
      - path: .opendock/harness/opendock__backend-ultrawork/check.mjs
        mode: managed_file
        checksum: 67008b533f46ce65f78199d674cf1af79de71e10f4ea5a8a8a6279b6e58d57fa
        source: files
      - path: .opendock/harness/opendock__backend-ultrawork/check.sh
        mode: managed_file
        checksum: cb11968f4776d54fe2fc69930fff7c227850e3e3c0c18fb1d5b48928be043607
        source: files
      - path: .opendock/harness/opendock__backend-ultrawork/check.ps1
        mode: managed_file
        checksum: 1d3f0fad0d350942cb03d2618614332e89c8152ab5536a2a53c82c66b8532777
        source: files
      - path: .agents/skills/opendock-backend-ultrawork/SKILL.md
        mode: managed_file
        checksum: 7bebe62b897e151d78b7cd480aaba1bd5bc78658957661fb09fb2d15f67a8ba3
        source: files
      - path: .cursor/rules/opendock-backend-ultrawork.mdc
        mode: managed_file
        checksum: 0f5fe18626f31636116f74cea53ab35cbfe26979f612f8486d44021633bedc3a
        source: files
      - path: .agents/workflows/opendock-backend-ultrawork/quality-gate.md
        mode: managed_file
        checksum: 1c14df1af7f3cbfd6edce2feb7764706e369905496203c1127dea69644f17e4f
        source: files
      - path: .claude/commands/opendock-backend-ultrawork/quality-gate.md
        mode: managed_file
        checksum: 1c14df1af7f3cbfd6edce2feb7764706e369905496203c1127dea69644f17e4f
        source: files
      - path: .agents/hooks/opendock-backend-ultrawork/hook.json
        mode: managed_file
        checksum: 535e4231f3dd80f3c40eeb9622143c50099fc7ae95e1a25b2e7f19eaee49c88e
        source: files
    runtimes: []
    tools: []
    dependencies: []
  - id: opendock/business-ultrawork
    name: opendock/business-ultrawork
    requested: 1.2.6
    version: 1.2.6
    checksum: 4e895d5dd8d293907a65ff9df71e8388f194f723268f1731553850ca2cdca14b
    signature: npf+lU5fGM2EcRHGBZ5g4RfXQ3ALewwSdRrtkuEOZVd1k67rCYHrpAruoRRYj4gXr1hnxdmmJ8t+DwGPGw7gAw==
    platform: macos
    workdir: .opendock/workdirs/opendock__business-ultrawork__5d94e3452006
    files:
      - path: AGENTS.md
        mode: managed_block
        checksum: 57574fdc6d084f66dd605e4104bc25aaa8e0f98cedf130acc25bf915418b3f8d
        markerId: files:AGENTS.md
        source: files
      - path: CLAUDE.md
        mode: managed_block
        checksum: 57574fdc6d084f66dd605e4104bc25aaa8e0f98cedf130acc25bf915418b3f8d
        markerId: files:CLAUDE.md
        source: files
      - path: GEMINI.md
        mode: managed_block
        checksum: 57574fdc6d084f66dd605e4104bc25aaa8e0f98cedf130acc25bf915418b3f8d
        markerId: files:GEMINI.md
        source: files
      - path: README.md
        mode: managed_block
        checksum: ffbc6a63249d0197e378ba593594722511c4313b15362a8bb655dd64865a1a65
        markerId: files:README.md
        source: files
      - path: HARNESS.md
        mode: managed_block
        checksum: a71a5775ddae08988c3038bacf8b659de6423598e6803f65031ddd814d937e60
        markerId: files:HARNESS.md
        source: files
      - path: .opendock/harness/opendock__business-ultrawork/check.mjs
        mode: managed_file
        checksum: af89ae91837ede47ff8a58908c61ebdccc6085875b0a585a621072a5a8e0d59a
        source: files
      - path: .opendock/harness/opendock__business-ultrawork/check.sh
        mode: managed_file
        checksum: cb11968f4776d54fe2fc69930fff7c227850e3e3c0c18fb1d5b48928be043607
        source: files
      - path: .opendock/harness/opendock__business-ultrawork/check.ps1
        mode: managed_file
        checksum: 1d3f0fad0d350942cb03d2618614332e89c8152ab5536a2a53c82c66b8532777
        source: files
      - path: .agents/skills/opendock-business-ultrawork/SKILL.md
        mode: managed_file
        checksum: 1cc9517b7c292f0c1372eab3e0c7d2a07a7fe01d7dc30fab76f1cd8ee879be9e
        source: files
      - path: .cursor/rules/opendock-business-ultrawork.mdc
        mode: managed_file
        checksum: c6becba362679ef9bb79d458c468fb48df0c80630d64bb9a3bbddb3bcd732ea1
        source: files
      - path: .agents/workflows/opendock-business-ultrawork/quality-gate.md
        mode: managed_file
        checksum: 3a8baf12010cab4b8795b5d1ace81f03de58d1f7374109881561214faab56248
        source: files
      - path: .claude/commands/opendock-business-ultrawork/quality-gate.md
        mode: managed_file
        checksum: 3a8baf12010cab4b8795b5d1ace81f03de58d1f7374109881561214faab56248
        source: files
      - path: .agents/hooks/opendock-business-ultrawork/hook.json
        mode: managed_file
        checksum: 2f60b8c0fbd68d83f6ca772e452d89419e876f23ee71521991e435a4503b8b5f
        source: files
    runtimes: []
    tools: []
    dependencies: []
  - id: opendock/creative-gen-ultrawork
    name: opendock/creative-gen-ultrawork
    requested: 1.3.1
    version: 1.3.1
    checksum: 1bcae049e23c32b164de0343a745d504eb9291d5ef701fffa1ad6a9032ff9c8c
    signature: PkcBtM/2vbaif4dbnQSvzBh/eC42LV+Q96H9wIbL1trZaw6DUUpgOODF76jeVFdB6gv/lQVHQQ31ms0ds9ALCg==
    platform: macos
    workdir: .opendock/workdirs/opendock__creative-gen-ultrawork__748ec42f4d5a
    runtimes: []
    tools: []
    dependencies: []
    files:
      - path: AGENTS.md
        mode: managed_block
        checksum: 51ca6aafa6e78c7e37d99f202ecba814908b8303838693009609b707ac7a638e
        markerId: files:AGENTS.md
        source: files
      - path: CLAUDE.md
        mode: managed_block
        checksum: 4652d9309485b03c831e4a929178bbeba473679d77c1804608b5797aac894eaf
        markerId: files:CLAUDE.md
        source: files
      - path: GEMINI.md
        mode: managed_block
        checksum: 31a9b15841959e10de5e10890a890de3fa52cb543c45619b3530bd53c6c10bad
        markerId: files:GEMINI.md
        source: files
      - path: README.md
        mode: managed_block
        checksum: 6aff024318d0fe8da6a4b5970fcc331efac8780898752e5e556eaa652c1ed9cb
        markerId: files:README.md
        source: files
      - path: HARNESS.md
        mode: managed_block
        checksum: 9ce55bc3d481ebd962910269b5a9915cc4e3505fcd82522b7183f4b92c2635e4
        markerId: files:HARNESS.md
        source: files
      - path: .opendock/templates/creative-gen/GENERATION_BRIEF.md
        mode: managed_block
        checksum: 5311b9e6d7b42d450a931cb53d3af48d41a3ecbdc8ba22ee77b65475c5b2c6d4
        markerId: files:.opendock/templates/creative-gen/GENERATION_BRIEF.md
        source: files
      - path: .opendock/templates/creative-gen/OUTPUT_MANIFEST.md
        mode: managed_block
        checksum: cc73dac2aa59ebf0fcc88aa86ac664788f50f9bf19d9a445f177fef5723b45ab
        markerId: files:.opendock/templates/creative-gen/OUTPUT_MANIFEST.md
        source: files
      - path: .opendock/harness/opendock__creative-gen-ultrawork/check.mjs
        mode: managed_file
        checksum: 5972da7e823742bcbbeaa5f37a429237167402b7872b3a9965c26623bbb35824
        source: files
      - path: .opendock/harness/opendock__creative-gen-ultrawork/check.sh
        mode: managed_file
        checksum: cb11968f4776d54fe2fc69930fff7c227850e3e3c0c18fb1d5b48928be043607
        source: files
      - path: .opendock/harness/opendock__creative-gen-ultrawork/check.ps1
        mode: managed_file
        checksum: 1d3f0fad0d350942cb03d2618614332e89c8152ab5536a2a53c82c66b8532777
        source: files
      - path: .agents/skills/opendock-creative-gen-ultrawork/SKILL.md
        mode: managed_file
        checksum: 6248ba86504d33a856e910cea0f09ec0e40b690bae269db3e5d442b054c5bbe2
        source: files
      - path: .cursor/rules/opendock-creative-gen-ultrawork.mdc
        mode: managed_file
        checksum: 9ab88968c5ca8d7521205e66e6ce7f7920a328ab16e2989df77bdf12a8246404
        source: files
      - path: .agents/workflows/opendock-creative-gen-ultrawork/quality-gate.md
        mode: managed_file
        checksum: b0cba2f1904b2be48d5a6c2f5a0d80ebf081ba17e640fadb7410db6f0ab3b27a
        source: files
      - path: .claude/commands/opendock-creative-gen-ultrawork/quality-gate.md
        mode: managed_file
        checksum: ffc15137852dc80e622cfd69759ba6fd67676de7fc5a36ed3490896e804a114e
        source: files
      - path: .agents/hooks/opendock-creative-gen-ultrawork/hook.json
        mode: managed_file
        checksum: 7d314129248c9b4548adb5e013bf93a4ab13082c868db384aca752bbd4f40e38
        source: files
  - id: opendock/design-ultrawork
    name: opendock/design-ultrawork
    requested: 1.3.2
    version: 1.3.2
    checksum: 47d108930cea843eb3c363406a6ac512ced4c44bfe4bdb48a489ae8440e4ce96
    signature: EMYBPNX9JSzkTATVZOPiQKOuHUnOQ8qdXfdfP+CO4NIbRKxXeeYugDcKATr1AIx4lwPrt1FlInxIj7+bZxMdAw==
    platform: macos
    workdir: .opendock/workdirs/opendock__design-ultrawork__54093992ce81
    runtimes: []
    tools: []
    dependencies: []
    files:
      - path: AGENTS.md
        mode: managed_block
        checksum: 2336791dbdd89833a6990e23e7cb14d1bad5afdf73b4963796617e532a6ce9d5
        markerId: files:AGENTS.md
        source: files
      - path: CLAUDE.md
        mode: managed_block
        checksum: 2336791dbdd89833a6990e23e7cb14d1bad5afdf73b4963796617e532a6ce9d5
        markerId: files:CLAUDE.md
        source: files
      - path: GEMINI.md
        mode: managed_block
        checksum: 2336791dbdd89833a6990e23e7cb14d1bad5afdf73b4963796617e532a6ce9d5
        markerId: files:GEMINI.md
        source: files
      - path: README.md
        mode: managed_block
        checksum: 2b88eed54f61feaff4a55d070ea5d19ad78a527e213dcc0cbb29b4a74fb28f6e
        markerId: files:README.md
        source: files
      - path: REFERENCE_RESEARCH.md
        mode: managed_block
        checksum: c00067d28ded580a01156af50674d15e8a976295f37874c55f6cfd6ed16fb9f6
        markerId: files:REFERENCE_RESEARCH.md
        source: files
      - path: LAYOUT_PLAYBOOK.md
        mode: managed_block
        checksum: ccc327e03aeae7a24d63fb33911be3a09b3d44baa5f2d77a0af055dd612c3125
        markerId: files:LAYOUT_PLAYBOOK.md
        source: files
      - path: COLOR_PLAYBOOK.md
        mode: managed_block
        checksum: 01ffc942ebc22f64a90caf4b3a37d2f798b496e118319e3600ec0ace758a3675
        markerId: files:COLOR_PLAYBOOK.md
        source: files
      - path: PATTERN_GUIDE.md
        mode: managed_block
        checksum: d18832a8e72bae1371e73459a69cb6eb1b1bd5c6f1e2c01083c6259041507c85
        markerId: files:PATTERN_GUIDE.md
        source: files
      - path: HARNESS.md
        mode: managed_block
        checksum: 2884be2848162b7362905ce8b12045fd0753f96f984320b4f3770bbdbbd7d2e2
        markerId: files:HARNESS.md
        source: files
      - path: .opendock/harness/opendock__design-ultrawork/check.mjs
        mode: managed_file
        checksum: 3fa804e4f286d6631eac97fecd71146fef546a81e52831b4881c24151fab2280
        source: files
      - path: .opendock/harness/opendock__design-ultrawork/check.sh
        mode: managed_file
        checksum: cb11968f4776d54fe2fc69930fff7c227850e3e3c0c18fb1d5b48928be043607
        source: files
      - path: .opendock/harness/opendock__design-ultrawork/check.ps1
        mode: managed_file
        checksum: 1d3f0fad0d350942cb03d2618614332e89c8152ab5536a2a53c82c66b8532777
        source: files
      - path: .opendock/templates/design/DESIGN_RUN.md
        mode: managed_block
        checksum: 90ef9d35f23a34b656b054d1a1f45db55454a6808ac164abbf190e7f6b6810d8
        markerId: files:.opendock/templates/design/DESIGN_RUN.md
        source: files
      - path: .agents/skills/opendock-design-ultrawork/SKILL.md
        mode: managed_file
        checksum: 4c7c2ff1374650b5b5e8dafdbafc555158e7949629c90088234ed5ce9ec6089d
        source: files
      - path: .cursor/rules/opendock-design-ultrawork.mdc
        mode: managed_file
        checksum: a90aa54d55e5333c2be81970be81834237b4b44d3764110b6f9f83621268fc54
        source: files
      - path: .agents/workflows/opendock-design-ultrawork/quality-gate.md
        mode: managed_file
        checksum: 195756d0c6fb88b619599bb58b8208ab3f1a44a7087ce2767f0d1b78ccc882ab
        source: files
      - path: .claude/commands/opendock-design-ultrawork/quality-gate.md
        mode: managed_file
        checksum: 9b1b801f72ab17a05808ed66490516620492f8baf8684d69f152c0cbf35aff7f
        source: files
      - path: .agents/hooks/opendock-design-ultrawork/hook.json
        mode: managed_file
        checksum: 87d23fa6db3d6f9a4df0c7984a8610813b3f0a9ec7bf8476be60d0fc0d294acb
        source: files
  - id: opendock/ux-writing-ultrawork
    name: opendock/ux-writing-ultrawork
    requested: 1.0.3
    version: 1.0.3
    checksum: 0428dd45d8f5f5f5bba0e303d64fdcc4a0aeca23f309b16b5c400ef949d43095
    signature: OGDYBAeKnAp010S6GhEKbFWA4qEfJCaJJTQyJogffIRs/d/QKRCCXUxE2wnr8oPOsaUbvZtAF8v/Ybc8pG6wBA==
    platform: macos
    workdir: .opendock/workdirs/opendock__ux-writing-ultrawork__7355767e78ef
    runtimes: []
    tools: []
    dependencies: []
    files:
      - path: AGENTS.md
        mode: managed_block
        checksum: 9736fab687c2efb0028089642703811559fe35ebdd96940f70be612af56fce8a
        markerId: files:AGENTS.md
        source: files
      - path: CLAUDE.md
        mode: managed_block
        checksum: 9736fab687c2efb0028089642703811559fe35ebdd96940f70be612af56fce8a
        markerId: files:CLAUDE.md
        source: files
      - path: GEMINI.md
        mode: managed_block
        checksum: 9736fab687c2efb0028089642703811559fe35ebdd96940f70be612af56fce8a
        markerId: files:GEMINI.md
        source: files
      - path: README.md
        mode: managed_block
        checksum: 1ee7426b33c49c970583d6013123ae6913885d7225a1dfc66433c136dc7a8401
        markerId: files:README.md
        source: files
      - path: HARNESS.md
        mode: managed_block
        checksum: 557adab91c0f20aa11ffcb267b947a8f8e8cbbfe349cdb7dd6459e330181594a
        markerId: files:HARNESS.md
        source: files
      - path: WRITING.md
        mode: managed_block
        checksum: 3c0d53a446e747279b387bd519817b09cf0a7e655d36eef17b0aa66f4abe2e46
        markerId: files:WRITING.md
        source: files
      - path: TERMS.md
        mode: managed_block
        checksum: 15a85f85612df494fc86e21d745d29d6ad0cda092e87b914335988d73f640c2e
        markerId: files:TERMS.md
        source: files
      - path: .opendock/harness/opendock__ux-writing-ultrawork/check.mjs
        mode: managed_file
        checksum: b8cbf4de0c0c155c6c72f2272c54af8d6ec7a83e95c3d64c8bd3ac3a6295e408
        source: files
        executable: true
      - path: .opendock/harness/opendock__ux-writing-ultrawork/check.sh
        mode: managed_file
        checksum: cb11968f4776d54fe2fc69930fff7c227850e3e3c0c18fb1d5b48928be043607
        source: files
        executable: true
      - path: .opendock/harness/opendock__ux-writing-ultrawork/check.ps1
        mode: managed_file
        checksum: 1d3f0fad0d350942cb03d2618614332e89c8152ab5536a2a53c82c66b8532777
        source: files
      - path: .opendock/templates/ux-writing/WRITING_RUN.md
        mode: managed_block
        checksum: 2af1c9df5d65ebac9900f93b4af86db023885508b30479a9c66fcd9aa1066ab0
        markerId: files:.opendock/templates/ux-writing/WRITING_RUN.md
        source: files
      - path: .agents/skills/opendock-ux-writing-ultrawork/SKILL.md
        mode: managed_file
        checksum: ca5ef293091b91d3b8b9e13a17b883db5af6677fe04e792e1198c7248508a69a
        source: files
      - path: .cursor/rules/opendock-ux-writing-ultrawork.mdc
        mode: managed_file
        checksum: 443bd6c0cab6b1e498c763bad12991805c5e09997e2afa15d1b30f56a9c72c74
        source: files
      - path: .agents/workflows/opendock-ux-writing-ultrawork/quality-gate.md
        mode: managed_file
        checksum: bf6b033750f91fbacb2c386c0328de939752b705c52545ad60708230d4600342
        source: files
      - path: .claude/commands/opendock-ux-writing-ultrawork/quality-gate.md
        mode: managed_file
        checksum: b9d64affb125369724f0a255252a6908cf7c642d060d7fd3dc14ed2376ac49d1
        source: files
      - path: .agents/hooks/opendock-ux-writing-ultrawork/hook.json
        mode: managed_file
        checksum: 0fc3eb00ff70d3f6fcd8c4782f9ba942d62b62cc679ec05e9553d751c7ada3c4
        source: files
  - id: wooyongdev/backend-engineering-kit
    name: wooyongdev/backend-engineering-kit
    requested: 1.0.3
    version: 1.0.3
    checksum: cab7ad5690ef6c7c0eb6ddcb378c0c55476156ede1eee318959fe89b0706621d
    signature: 5myuyCtcgIBGKViBFVCrmIoyVpupJ0VY3xBzA4HwZTcmv0Ie/H1NlijXdQekgBOi7U+rYuUUZEWZ54cAOyQrAg==
    platform: macos
    workdir: .opendock/workdirs/wooyongdev__backend-engineering-kit__d8ade7feb423
    files:
      - path: .agents/skills/.DS_Store
        mode: managed_file
        checksum: d65165279105ca6773180500688df4bdc69a2c7b771752f0a46ef120b7fd8ec3
        source: files
      - path: .agents/skills/backend-implement/agents/openai.yaml
        mode: managed_file
        checksum: a1499d95abd8447558c535fe5554adcc3c9b988a0a39264a6283d430effe1e94
        source: files
      - path: .agents/skills/backend-implement/references/run-artifacts.md
        mode: managed_file
        checksum: 7fdbc6c672d7547b3c822e176d83ae75eedfadb6bc36eab0737f429f0e1c46c5
        source: files
      - path: .agents/skills/backend-implement/references/subagent-workflow.md
        mode: managed_file
        checksum: cb438a470ce3f3615911c626679f4936ac2993f5c04db9e05a2bb341786d9b6e
        source: files
      - path: .agents/skills/backend-implement/SKILL.md
        mode: managed_file
        checksum: b8e3d7468e13500403ce893a7cef969ff40b7bc896d9e0a0273ca1763445c4bc
        source: files
      - path: .agents/skills/backend-rules-derive-from-code/agents/openai.yaml
        mode: managed_file
        checksum: a1499d95abd8447558c535fe5554adcc3c9b988a0a39264a6283d430effe1e94
        source: files
      - path: .agents/skills/backend-rules-derive-from-code/references/backend-rule-writing-guide.md
        mode: managed_file
        checksum: acce523ccc4292b0271b7bf8d0ba06b441fafcde5fb4c815a780fc6f5138d515
        source: files
      - path: .agents/skills/backend-rules-derive-from-code/references/codebase-analysis-guide.md
        mode: managed_file
        checksum: b4ff2644889e7b4504c7c69348e09c6fad6967ec232b88c02da745a15f8977c4
        source: files
      - path: .agents/skills/backend-rules-derive-from-code/SKILL.md
        mode: managed_file
        checksum: 634855b8241627118b5b61fa45ecf50501ca1b38301739935b9d27be5a0f8d92
        source: files
      - path: .agents/skills/backend-tech-design-write/agents/openai.yaml
        mode: managed_file
        checksum: 7a91e672c2853d90c9ce1c788608101c5e2854464653ccd7d1c9ab19cb2ff57b
        source: files
      - path: .agents/skills/backend-tech-design-write/references/backend-tdd-template.md
        mode: managed_file
        checksum: 3e3c0a0e8a91ff18cf38917c06e5ab9ab4190e446c790e0c7a7c51617c706057
        source: files
      - path: .agents/skills/backend-tech-design-write/references/backend-tdd-workflow.md
        mode: managed_file
        checksum: e1434446e4aa592d80266721aa0c36b2e3eb9606c58d35e8e06e418c48cad6a9
        source: files
      - path: .agents/skills/backend-tech-design-write/references/README.md
        mode: managed_file
        checksum: d3eeb78b1a81668c2884bf411b8416262f18a80bf2cd5e470523c7cc1d7d19bc
        source: files
      - path: .agents/skills/backend-tech-design-write/SKILL.md
        mode: managed_file
        checksum: 7938b5a92e6d9e16891bc671c138e16bb13e9b2e8354b7dc1ad3adefc3e1ffcf
        source: files
      - path: .codex/.DS_Store
        mode: managed_file
        checksum: 6e0bb07422ffa530fc4311632b8aafbead43daa93c60794fea1debcacaf418d9
        source: files
      - path: .codex/agents/.DS_Store
        mode: managed_file
        checksum: d65165279105ca6773180500688df4bdc69a2c7b771752f0a46ef120b7fd8ec3
        source: files
      - path: .codex/agents/backend-architecture-reviewer.toml
        mode: managed_file
        checksum: 0a5cb9c84325200eebd191f5e83dd88988682e7aee63d97bf99ee3197875fd55
        source: files
      - path: .codex/agents/backend-implementation-engineer.toml
        mode: managed_file
        checksum: 29951a99c3e79078100a11f80203eb1409d0f46f5f549074099795cfcdc816d8
        source: files
      - path: .codex/agents/backend-technical-design-writer.toml
        mode: managed_file
        checksum: 2204ec6a589ce6d8d0697b47b466d6d6551bb5c5f57238ae33e8051aa2095727
        source: files
      - path: docs/.DS_Store
        mode: managed_file
        checksum: 270a572d4d712a56b818d7ae6dc6696846b7f219405e2f77a6a33cd2ed81b419
        source: files
      - path: docs/backend/adr/README.md
        mode: managed_block
        checksum: d52770c59ddcefbdbb49d04360642e0a6e5c06e41a4c9aa9100cebf209bddb4e
        markerId: files:docs/backend/adr/README.md
        source: files
      - path: docs/backend/api-specs/README.md
        mode: managed_block
        checksum: 9a7de8993b399fdde31e5825d13b8e7a52b8fc2bdafe291c2d7c0bc3dd7cd8f5
        markerId: files:docs/backend/api-specs/README.md
        source: files
      - path: docs/backend/README.md
        mode: managed_block
        checksum: 7a6b7f1e654b309f97d7dc38af68318cd7c7bb93df24610a0504b726c59e182c
        markerId: files:docs/backend/README.md
        source: files
      - path: docs/backend/tdd/README.md
        mode: managed_block
        checksum: b9d7c990f673d75236e2d0f4c966829d5c6df38a22d86efe92dfbc363924f860
        markerId: files:docs/backend/tdd/README.md
        source: files
      - path: docs/README.md
        mode: managed_block
        checksum: 5fc0e93a32a06d3329cc7bc395e036579efc2c21a2fd4743582758d9ee3fe5da
        markerId: files:docs/README.md
        source: files
      - path: docs/rules/.DS_Store
        mode: managed_file
        checksum: 05cd310f8bb5b560feae0b1976b083158d7656a11dd4f533be20d4ef917fc718
        source: files
      - path: docs/rules/backend/.DS_Store
        mode: managed_file
        checksum: d65165279105ca6773180500688df4bdc69a2c7b771752f0a46ef120b7fd8ec3
        source: files
      - path: docs/rules/backend/API_RULES.md
        mode: managed_block
        checksum: 987ad070d55e325bbc51e4b91cf232c17ddf2135ddabab38544b2251eade864b
        markerId: files:docs/rules/backend/API_RULES.md
        source: files
      - path: docs/rules/backend/ARCHITECTURE_RULES.md
        mode: managed_block
        checksum: 17382ab052c8e4a3d13434d34b7be057981b2db26fbbbee2944d0b685a9adb21
        markerId: files:docs/rules/backend/ARCHITECTURE_RULES.md
        source: files
      - path: docs/rules/backend/CODING_RULES.md
        mode: managed_block
        checksum: 2d1af1753f302800d4c07ebf82b6571491d5bad00c77eafd93765222da4ec597
        markerId: files:docs/rules/backend/CODING_RULES.md
        source: files
      - path: docs/rules/backend/DATA_RULES.md
        mode: managed_block
        checksum: 45f65d1c23f8c6feef099ef7eea99fbcadbc0f7a2ce284f1671d238ba99f7688
        markerId: files:docs/rules/backend/DATA_RULES.md
        source: files
      - path: docs/rules/backend/OPERATIONS_RULES.md
        mode: managed_block
        checksum: 7c7bc9b2bcfad1fa722f2685e4c4101c86c7bd09e46e2236aa9e4ef67ad2fe29
        markerId: files:docs/rules/backend/OPERATIONS_RULES.md
        source: files
      - path: docs/rules/backend/PACKAGE_STRUCTURE.md
        mode: managed_block
        checksum: 758e36119098768fe06edf364340c7fe32f2ce641c30168bb447e48913b6420d
        markerId: files:docs/rules/backend/PACKAGE_STRUCTURE.md
        source: files
      - path: docs/rules/backend/README.md
        mode: managed_block
        checksum: 2c4db909b507cba2d20536736608440bd91a847d857884e305512731bb7f30fd
        markerId: files:docs/rules/backend/README.md
        source: files
      - path: docs/rules/backend/SECURITY_RULES.md
        mode: managed_block
        checksum: bde291b342a57298c84c793a255e20c51b82b3306661f1f3ee325a5b19440f40
        markerId: files:docs/rules/backend/SECURITY_RULES.md
        source: files
      - path: docs/rules/backend/TESTING_RULES.md
        mode: managed_block
        checksum: b7245d478873ecfdcfc6c5c7b1f5f7f0496bd8112bd4e475b04601c284ea7a15
        markerId: files:docs/rules/backend/TESTING_RULES.md
        source: files
      - path: docs/rules/README.md
        mode: managed_block
        checksum: 1d94da8536f0d6e135a753bdd0ce1f4f108f3ea8446d4d6d67db1f7d380b6a6d
        markerId: files:docs/rules/README.md
        source: files
    runtimes: []
    tools: []
    dependencies: []
